
Microsoft Visual Studio Solution File, Format Version 12.00
# Visual Studio Version 17
VisualStudioVersion = 17.7.34031.279
MinimumVisualStudioVersion = 10.0.40219.1
Project("{FAE04EC0-301F-11D3-BF4B-00C04F79EFBC}") = "RecipesApp", "RecipesApp\RecipesApp.csproj", "{5ADA0885-0039-4ECB-B38E-44F6F8D7FED3}"
EndProject
Global
	GlobalSection(SolutionConfigurationPlatforms) = preSolution
		Debug|Any CPU = Debug|Any CPU
		Release|Any CPU = Release|Any CPU
	EndGlobalSection
	GlobalSection(ProjectConfigurationPlatforms) = postSolution
		{5ADA0885-0039-4ECB-B38E-44F6F8D7FED3}.Debug|Any CPU.ActiveCfg = Debug|Any CPU
		{5ADA0885-0039-4ECB-B38E-44F6F8D7FED3}.Debug|Any CPU.Build.0 = Debug|Any CPU
		{5ADA0885-0039-4ECB-B38E-44F6F8D7FED3}.Release|Any CPU.ActiveCfg = Release|Any CPU
		{5ADA0885-0039-4ECB-B38E-44F6F8D7FED3}.Release|Any CPU.Build.0 = Release|Any CPU
	EndGlobalSection
	GlobalSection(SolutionProperties) = preSolution
		HideSolutionNode = FALSE
	EndGlobalSection
	GlobalSection(ExtensibilityGlobals) = postSolution
		SolutionGuid = {4A3A45A0-EA29-41E8-AED7-DAF6994A620D}
	EndGlobalSection
EndGlobal
